<?xml version="1.0" encoding="utf-8"?>
<Project ToolsVersion="4.0" xmlns="http://schemas.microsoft.com/developer/msbuild/2003">
  <ItemGroup>
    <Filter Include="Source Files">
      <UniqueIdentifier>{4FC737F1-C7A5-4376-A066-2A32D752A2FF}</UniqueIdentifier>
      <Extensions>cpp;c;cc;cxx;def;odl;idl;hpj;bat;asm;asmx</Extensions>
    </Filter>
    <Filter Include="Header Files">
      <UniqueIdentifier>{93995380-89BD-4b04-88EB-625FBE52EBFB}</UniqueIdentifier>
      <Extensions>h;hh;hpp;hxx;hm;inl;inc;xsd</Extensions>
    </Filter>
    <Filter Include="Resource Files">
      <UniqueIdentifier>{67DA6AB6-F800-4c08-8B7A-83BB121AAD01}</UniqueIdentifier>
      <Extensions>rc;ico;cur;bmp;dlg;rc2;rct;bin;rgs;gif;jpg;jpeg;jpe;resx;tiff;tif;png;wav;mfcribbon-ms</Extensions>
    </Filter>
    <Filter Include="Source Files\Framework">
      <UniqueIdentifier>{b39d5cba-06ae-4ec9-83ca-75cb8469a2a1}</UniqueIdentifier>
    </Filter>
    <Filter Include="Header Files\Framework">
      <UniqueIdentifier>{1b559ef6-e588-4116-a4aa-85d107c0ef90}</UniqueIdentifier>
    </Filter>
    <Filter Include="Source Files\Framework\Debug">
      <UniqueIdentifier>{4153d694-608c-4e77-8305-2190d0610f91}</UniqueIdentifier>
    </Filter>
    <Filter Include="Source Files\Framework\Graphic">
      <UniqueIdentifier>{f2b543c7-089c-4323-8f61-3e38d9072840}</UniqueIdentifier>
    </Filter>
    <Filter Include="Source Files\Framework\GameObject">
      <UniqueIdentifier>{fb159207-a55a-46c9-81c1-03228e8c3227}</UniqueIdentifier>
    </Filter>
    <Filter Include="Header Files\Framework\Debug">
      <UniqueIdentifier>{b6c46d1c-bcaf-4a1c-b1f0-07e444f8788d}</UniqueIdentifier>
    </Filter>
    <Filter Include="Header Files\Framework\GameObject">
      <UniqueIdentifier>{840268af-e268-4fd8-bce1-c18ed75d8250}</UniqueIdentifier>
    </Filter>
    <Filter Include="Header Files\Framework\Graphic">
      <UniqueIdentifier>{dc4cdf3e-82fe-4b0e-8d65-3b13204c6153}</UniqueIdentifier>
    </Filter>
    <Filter Include="Header Files\Object">
      <UniqueIdentifier>{4847b75c-815c-473b-a32b-9333a715b791}</UniqueIdentifier>
    </Filter>
    <Filter Include="Source Files\Object">
      <UniqueIdentifier>{fd00bd72-86c8-460a-8d3b-35365fbe4c0d}</UniqueIdentifier>
    </Filter>
    <Filter Include="Header Files\Framework\Scene">
      <UniqueIdentifier>{9ecae9f3-8beb-49e7-afe1-14678491b7aa}</UniqueIdentifier>
    </Filter>
    <Filter Include="Source Files\Framework\Scene">
      <UniqueIdentifier>{c498390f-2b4b-4a6d-871d-98863476c30b}</UniqueIdentifier>
    </Filter>
    <Filter Include="Header Files\Framework\Camera">
      <UniqueIdentifier>{7de85061-7325-4c25-9a52-648832894e8b}</UniqueIdentifier>
    </Filter>
    <Filter Include="Source Files\Framework\Camera">
      <UniqueIdentifier>{93970d6d-7303-4004-a461-ef512bbf9369}</UniqueIdentifier>
    </Filter>
    <Filter Include="Header Files\Framework\MapEditor">
      <UniqueIdentifier>{7f6d902b-3ba5-4cde-8597-ade9081dadc8}</UniqueIdentifier>
    </Filter>
    <Filter Include="Source Files\Framework\MapEitor">
      <UniqueIdentifier>{8535409c-6455-494c-87d0-97111492cc0b}</UniqueIdentifier>
    </Filter>
  </ItemGroup>
  <ItemGroup>
    <ClCompile Include="Game.cpp">
      <Filter>Source Files</Filter>
    </ClCompile>
    <ClCompile Include="main.cpp">
      <Filter>Source Files</Filter>
    </ClCompile>
    <ClCompile Include="Player.cpp">
      <Filter>Source Files</Filter>
    </ClCompile>
    <ClCompile Include="Textures.cpp">
      <Filter>Source Files\Framework\Graphic</Filter>
    </ClCompile>
    <ClCompile Include="Sprites.cpp">
      <Filter>Source Files\Framework\Graphic</Filter>
    </ClCompile>
    <ClCompile Include="GameObject.cpp">
      <Filter>Source Files\Framework\GameObject</Filter>
    </ClCompile>
    <ClCompile Include="debug.cpp">
      <Filter>Source Files\Framework\Debug</Filter>
    </ClCompile>
    <ClCompile Include="Turtle.cpp">
      <Filter>Source Files\Object</Filter>
    </ClCompile>
    <ClCompile Include="Scene.cpp">
      <Filter>Source Files\Framework\Scene</Filter>
    </ClCompile>
    <ClCompile Include="SceneGame.cpp">
      <Filter>Source Files\Framework\Scene</Filter>
    </ClCompile>
    <ClCompile Include="SceneManager.cpp">
      <Filter>Source Files\Framework\Scene</Filter>
    </ClCompile>
    <ClCompile Include="Camera.cpp">
      <Filter>Source Files\Framework\Camera</Filter>
    </ClCompile>
    <ClCompile Include="map_editor.cpp">
      <Filter>Source Files\Framework\MapEitor</Filter>
    </ClCompile>
  </ItemGroup>
  <ItemGroup>
    <ClInclude Include="Game.h">
      <Filter>Header Files</Filter>
    </ClInclude>
    <ClInclude Include="Player.h">
      <Filter>Header Files</Filter>
    </ClInclude>
    <ClInclude Include="Sprites.h">
      <Filter>Header Files\Framework\Graphic</Filter>
    </ClInclude>
    <ClInclude Include="Textures.h">
      <Filter>Header Files\Framework\Graphic</Filter>
    </ClInclude>
    <ClInclude Include="debug.h">
      <Filter>Header Files\Framework\Debug</Filter>
    </ClInclude>
    <ClInclude Include="GameObject.h">
      <Filter>Header Files\Framework\GameObject</Filter>
    </ClInclude>
    <ClInclude Include="Turtle.h">
      <Filter>Header Files\Object</Filter>
    </ClInclude>
    <ClInclude Include="Scene.h">
      <Filter>Header Files\Framework\Scene</Filter>
    </ClInclude>
    <ClInclude Include="SceneManager.h">
      <Filter>Header Files\Framework\Scene</Filter>
    </ClInclude>
    <ClInclude Include="SceneGame.h">
      <Filter>Header Files\Framework\Scene</Filter>
    </ClInclude>
    <ClInclude Include="Camera.h">
      <Filter>Header Files\Framework\Camera</Filter>
    </ClInclude>
    <ClInclude Include="define.h">
      <Filter>Header Files\Framework</Filter>
    </ClInclude>
    <ClInclude Include="map_editor.h">
      <Filter>Header Files\Framework\MapEditor</Filter>
    </ClInclude>
  </ItemGroup>
</Project>